
Microsoft Visual Studio Solution File, Format Version 12.00
# Visual Studio Version 17
VisualStudioVersion = 17.6.33723.286
MinimumVisualStudioVersion = 10.0.40219.1
Project("{FAE04EC0-301F-11D3-BF4B-00C04F79EFBC}") = "You_Graphic", "You_Graphic.csproj", "{D8D31C42-47FD-47A7-8C12-F2B60E01E867}"
EndProject
Global
	GlobalSection(SolutionConfigurationPlatforms) = preSolution
		Debug|Any CPU = Debug|Any CPU
		Release|Any CPU = Release|Any CPU
	EndGlobalSection
	GlobalSection(ProjectConfigurationPlatforms) = postSolution
		{D8D31C42-47FD-47A7-8C12-F2B60E01E867}.Debug|Any CPU.ActiveCfg = Debug|Any CPU
		{D8D31C42-47FD-47A7-8C12-F2B60E01E867}.Debug|Any CPU.Build.0 = Debug|Any CPU
		{D8D31C42-47FD-47A7-8C12-F2B60E01E867}.Release|Any CPU.ActiveCfg = Release|Any CPU
		{D8D31C42-47FD-47A7-8C12-F2B60E01E867}.Release|Any CPU.Build.0 = Release|Any CPU
	EndGlobalSection
	GlobalSection(SolutionProperties) = preSolution
		HideSolutionNode = FALSE
	EndGlobalSection
	GlobalSection(ExtensibilityGlobals) = postSolution
		SolutionGuid = {95E5ED7E-4A30-401B-AFBE-D65262FB6E9C}
	EndGlobalSection
EndGlobal
